// !$*UTF8*$!
{
	archiveVersion = 1;
	classes = {
	};
	objectVersion = 56;
	objects = {

/* Begin PBXBuildFile section */
		4048568E2BBDE44C00109894 /* AppDelegate.swift in Sources */ = {isa = PBXBuildFile; fileRef = 4048568D2BBDE44C00109894 /* AppDelegate.swift */; };
		404856902BBDE44C00109894 /* SceneDelegate.swift in Sources */ = {isa = PBXBuildFile; fileRef = 4048568F2BBDE44C00109894 /* SceneDelegate.swift */; };
		404856922BBDE44C00109894 /* ViewController.swift in Sources */ = {isa = PBXBuildFile; fileRef = 404856912BBDE44C00109894 /* ViewController.swift */; };
		404856952BBDE44C00109894 /* Main.storyboard in Resources */ = {isa = PBXBuildFile; fileRef = 404856932BBDE44C00109894 /* Main.storyboard */; };
		404856972BBDE44E00109894 /* Assets.xcassets in Resources */ = {isa = PBXBuildFile; fileRef = 404856962BBDE44E00109894 /* Assets.xcassets */; };
		4048569A2BBDE44E00109894 /* LaunchScreen.storyboard in Resources */ = {isa = PBXBuildFile; fileRef = 404856982BBDE44E00109894 /* LaunchScreen.storyboard */; };
		404856A52BBDE44E00109894 /* ContIntTests.swift in Sources */ = {isa = PBXBuildFile; fileRef = 404856A42BBDE44E00109894 /* ContIntTests.swift */; };
		404856AF2BBDE44E00109894 /* ContIntUITests.swift in Sources */ = {isa = PBXBuildFile; fileRef = 404856AE2BBDE44E00109894 /* ContIntUITests.swift */; };
		404856B12BBDE44E00109894 /* ContIntUITestsLaunchTests.swift in Sources */ = {isa = PBXBuildFile; fileRef = 404856B02BBDE44E00109894 /* ContIntUITestsLaunchTests.swift */; };
/* End PBXBuildFile section */

/* Begin PBXContainerItemProxy section */
		404856A12BBDE44E00109894 /* PBXContainerItemProxy */ = {
			isa = PBXContainerItemProxy;
			containerPortal = 404856822BBDE44C00109894 /* Project object */;
			proxyType = 1;
			remoteGlobalIDString = 404856892BBDE44C00109894;
			remoteInfo = ContInt;
		};
		404856AB2BBDE44E00109894 /* PBXContainerItemProxy */ = {
			isa = PBXContainerItemProxy;
			containerPortal = 404856822BBDE44C00109894 /* Project object */;
			proxyType = 1;
			remoteGlobalIDString = 404856892BBDE44C00109894;
			remoteInfo = ContInt;
		};
/* End PBXContainerItemProxy section */

/* Begin PBXFileReference section */
		4048568A2BBDE44C00109894 /* ContInt.app */ = {isa = PBXFileReference; explicitFileType = wrapper.application; includeInIndex = 0; path = ContInt.app; sourceTree = BUILT_PRODUCTS_DIR; };
		4048568D2BBDE44C00109894 /* AppDelegate.swift */ = {isa = PBXFileReference; lastKnownFileType = sourcecode.swift; path = AppDelegate.swift; sourceTree = "<group>"; };
		4048568F2BBDE44C00109894 /* SceneDelegate.swift */ = {isa = PBXFileReference; lastKnownFileType = sourcecode.swift; path = SceneDelegate.swift; sourceTree = "<group>"; };
		404856912BBDE44C00109894 /* ViewController.swift */ = {isa = PBXFileReference; lastKnownFileType = sourcecode.swift; path = ViewController.swift; sourceTree = "<group>"; };
		404856942BBDE44C00109894 /* Base */ = {isa = PBXFileReference; lastKnownFileType = file.storyboard; name = Base; path = Base.lproj/Main.storyboard; sourceTree = "<group>"; };
		404856962BBDE44E00109894 /* Assets.xcassets */ = {isa = PBXFileReference; lastKnownFileType = folder.assetcatalog; path = Assets.xcassets; sourceTree = "<group>"; };
		404856992BBDE44E00109894 /* Base */ = {isa = PBXFileReference; lastKnownFileType = file.storyboard; name = Base; path = Base.lproj/LaunchScreen.storyboard; sourceTree = "<group>"; };
		4048569B2BBDE44E00109894 /* Info.plist */ = {isa = PBXFileReference; lastKnownFileType = text.plist.xml; path = Info.plist; sourceTree = "<group>"; };
		404856A02BBDE44E00109894 /* ContIntTests.xctest */ = {isa = PBXFileReference; explicitFileType = wrapper.cfbundle; includeInIndex = 0; path = ContIntTests.xctest; sourceTree = BUILT_PRODUCTS_DIR; };
		404856A42BBDE44E00109894 /* ContIntTests.swift */ = {isa = PBXFileReference; lastKnownFileType = sourcecode.swift; path = ContIntTests.swift; sourceTree = "<group>"; };
		404856AA2BBDE44E00109894 /* ContIntUITests.xctest */ = {isa = PBXFileReference; explicitFileType = wrapper.cfbundle; includeInIndex = 0; path = ContIntUITests.xctest; sourceTree = BUILT_PRODUCTS_DIR; };
		404856AE2BBDE44E00109894 /* ContIntUITests.swift */ = {isa = PBXFileReference; lastKnownFileType = sourcecode.swift; path = ContIntUITests.swift; sourceTree = "<group>"; };
		404856B02BBDE44E00109894 /* ContIntUITestsLaunchTests.swift */ = {isa = PBXFileReference; lastKnownFileType = sourcecode.swift; path = ContIntUITestsLaunchTests.swift; sourceTree = "<group>"; };
/* End PBXFileReference section */

/* Begin PBXFrameworksBuildPhase section */
		404856872BBDE44C00109894 /* Frameworks */ = {
			isa = PBXFrameworksBuildPhase;
			buildActionMask = 2147483647;
			files = (
			);
			runOnlyForDeploymentPostprocessing = 0;
		};
		4048569D2BBDE44E00109894 /* Frameworks */ = {
			isa = PBXFrameworksBuildPhase;
			buildActionMask = 2147483647;
			files = (
			);
			runOnlyForDeploymentPostprocessing = 0;
		};
		404856A72BBDE44E00109894 /* Frameworks */ = {
			isa = PBXFrameworksBuildPhase;
			buildActionMask = 2147483647;
			files = (
			);
			runOnlyForDeploymentPostprocessing = 0;
		};
/* End PBXFrameworksBuildPhase section */

/* Begin PBXGroup section */
		404856812BBDE44C00109894 = {
			isa = PBXGroup;
			children = (
				4048568C2BBDE44C00109894 /* ContInt */,
				404856A32BBDE44E00109894 /* ContIntTests */,
				404856AD2BBDE44E00109894 /* ContIntUITests */,
				4048568B2BBDE44C00109894 /* Products */,
			);
			sourceTree = "<group>";
		};
		4048568B2BBDE44C00109894 /* Products */ = {
			isa = PBXGroup;
			children = (
				4048568A2BBDE44C00109894 /* ContInt.app */,
				404856A02BBDE44E00109894 /* ContIntTests.xctest */,
				404856AA2BBDE44E00109894 /* ContIntUITests.xctest */,
			);
			name = Products;
			sourceTree = "<group>";
		};
		4048568C2BBDE44C00109894 /* ContInt */ = {
			isa = PBXGroup;
			children = (
				4048568D2BBDE44C00109894 /* AppDelegate.swift */,
				4048568F2BBDE44C00109894 /* SceneDelegate.swift */,
				404856912BBDE44C00109894 /* ViewController.swift */,
				404856932BBDE44C00109894 /* Main.storyboard */,
				404856962BBDE44E00109894 /* Assets.xcassets */,
				404856982BBDE44E00109894 /* LaunchScreen.storyboard */,
				4048569B2BBDE44E00109894 /* Info.plist */,
			);
			path = ContInt;
			sourceTree = "<group>";
		};
		404856A32BBDE44E00109894 /* ContIntTests */ = {
			isa = PBXGroup;
			children = (
				404856A42BBDE44E00109894 /* ContIntTests.swift */,
			);
			path = ContIntTests;
			sourceTree = "<group>";
		};
		404856AD2BBDE44E00109894 /* ContIntUITests */ = {
			isa = PBXGroup;
			children = (
				404856AE2BBDE44E00109894 /* ContIntUITests.swift */,
				404856B02BBDE44E00109894 /* ContIntUITestsLaunchTests.swift */,
			);
			path = ContIntUITests;
			sourceTree = "<group>";
		};
/* End PBXGroup section */

/* Begin PBXNativeTarget section */
		404856892BBDE44C00109894 /* ContInt */ = {
			isa = PBXNativeTarget;
			buildConfigurationList = 404856B42BBDE44E00109894 /* Build configuration list for PBXNativeTarget "ContInt" */;
			buildPhases = (
				404856862BBDE44C00109894 /* Sources */,
				404856872BBDE44C00109894 /* Frameworks */,
				404856882BBDE44C00109894 /* Resources */,
			);
			buildRules = (
			);
			dependencies = (
			);
			name = ContInt;
			productName = ContInt;
			productReference = 4048568A2BBDE44C00109894 /* ContInt.app */;
			productType = "com.apple.product-type.application";
		};
		4048569F2BBDE44E00109894 /* ContIntTests */ = {
			isa = PBXNativeTarget;
			buildConfigurationList = 404856B72BBDE44E00109894 /* Build configuration list for PBXNativeTarget "ContIntTests" */;
			buildPhases = (
				4048569C2BBDE44E00109894 /* Sources */,
				4048569D2BBDE44E00109894 /* Frameworks */,
				4048569E2BBDE44E00109894 /* Resources */,
			);
			buildRules = (
			);
			dependencies = (
				404856A22BBDE44E00109894 /* PBXTargetDependency */,
			);
			name = ContIntTests;
			productName = ContIntTests;
			productReference = 404856A02BBDE44E00109894 /* ContIntTests.xctest */;
			productType = "com.apple.product-type.bundle.unit-test";
		};
		404856A92BBDE44E00109894 /* ContIntUITests */ = {
			isa = PBXNativeTarget;
			buildConfigurationList = 404856BA2BBDE44E00109894 /* Build configuration list for PBXNativeTarget "ContIntUITests" */;
			buildPhases = (
				404856A62BBDE44E00109894 /* Sources */,
				404856A72BBDE44E00109894 /* Frameworks */,
				404856A82BBDE44E00109894 /* Resources */,
			);
			buildRules = (
			);
			dependencies = (
				404856AC2BBDE44E00109894 /* PBXTargetDependency */,
			);
			name = ContIntUITests;
			productName = ContIntUITests;
			productReference = 404856AA2BBDE44E00109894 /* ContIntUITests.xctest */;
			productType = "com.apple.product-type.bundle.ui-testing";
		};
/* End PBXNativeTarget section */

/* Begin PBXProject section */
		404856822BBDE44C00109894 /* Project object */ = {
			isa = PBXProject;
			attributes = {
				BuildIndependentTargetsInParallel = 1;
				LastSwiftUpdateCheck = 1510;
				LastUpgradeCheck = 1510;
				TargetAttributes = {
					404856892BBDE44C00109894 = {
						CreatedOnToolsVersion = 15.1;
					};
					4048569F2BBDE44E00109894 = {
						CreatedOnToolsVersion = 15.1;
						TestTargetID = 404856892BBDE44C00109894;
					};
					404856A92BBDE44E00109894 = {
						CreatedOnToolsVersion = 15.1;
						TestTargetID = 404856892BBDE44C00109894;
					};
				};
			};
			buildConfigurationList = 404856852BBDE44C00109894 /* Build configuration list for PBXProject "ContInt" */;
			compatibilityVersion = "Xcode 14.0";
			developmentRegion = en;
			hasScannedForEncodings = 0;
			knownRegions = (
				en,
				Base,
			);
			mainGroup = 404856812BBDE44C00109894;
			productRefGroup = 4048568B2BBDE44C00109894 /* Products */;
			projectDirPath = "";
			projectRoot = "";
			targets = (
				404856892BBDE44C00109894 /* ContInt */,
				4048569F2BBDE44E00109894 /* ContIntTests */,
				404856A92BBDE44E00109894 /* ContIntUITests */,
			);
		};
/* End PBXProject section */

/* Begin PBXResourcesBuildPhase section */
		404856882BBDE44C00109894 /* Resources */ = {
			isa = PBXResourcesBuildPhase;
			buildActionMask = 2147483647;
			files = (
				4048569A2BBDE44E00109894 /* LaunchScreen.storyboard in Resources */,
				404856972BBDE44E00109894 /* Assets.xcassets in Resources */,
				404856952BBDE44C00109894 /* Main.storyboard in Resources */,
			);
			runOnlyForDeploymentPostprocessing = 0;
		};
		4048569E2BBDE44E00109894 /* Resources */ = {
			isa = PBXResourcesBuildPhase;
			buildActionMask = 2147483647;
			files = (
			);
			runOnlyForDeploymentPostprocessing = 0;
		};
		404856A82BBDE44E00109894 /* Resources */ = {
			isa = PBXResourcesBuildPhase;
			buildActionMask = 2147483647;
			files = (
			);
			runOnlyForDeploymentPostprocessing = 0;
		};
/* End PBXResourcesBuildPhase section */

/* Begin PBXSourcesBuildPhase section */
		404856862BBDE44C00109894 /* Sources */ = {
			isa = PBXSourcesBuildPhase;
			buildActionMask = 2147483647;
			files = (
				404856922BBDE44C00109894 /* ViewController.swift in Sources */,
				4048568E2BBDE44C00109894 /* AppDelegate.swift in Sources */,
				404856902BBDE44C00109894 /* SceneDelegate.swift in Sources */,
			);
			runOnlyForDeploymentPostprocessing = 0;
		};
		4048569C2BBDE44E00109894 /* Sources */ = {
			isa = PBXSourcesBuildPhase;
			buildActionMask = 2147483647;
			files = (
				404856A52BBDE44E00109894 /* ContIntTests.swift in Sources */,
			);
			runOnlyForDeploymentPostprocessing = 0;
		};
		404856A62BBDE44E00109894 /* Sources */ = {
			isa = PBXSourcesBuildPhase;
			buildActionMask = 2147483647;
			files = (
				404856B12BBDE44E00109894 /* ContIntUITestsLaunchTests.swift in Sources */,
				404856AF2BBDE44E00109894 /* ContIntUITests.swift in Sources */,
			);
			runOnlyForDeploymentPostprocessing = 0;
		};
/* End PBXSourcesBuildPhase section */

/* Begin PBXTargetDependency section */
		404856A22BBDE44E00109894 /* PBXTargetDependency */ = {
			isa = PBXTargetDependency;
			target = 404856892BBDE44C00109894 /* ContInt */;
			targetProxy = 404856A12BBDE44E00109894 /* PBXContainerItemProxy */;
		};
		404856AC2BBDE44E00109894 /* PBXTargetDependency */ = {
			isa = PBXTargetDependency;
			target = 404856892BBDE44C00109894 /* ContInt */;
			targetProxy = 404856AB2BBDE44E00109894 /* PBXContainerItemProxy */;
		};
/* End PBXTargetDependency section */

/* Begin PBXVariantGroup section */
		404856932BBDE44C00109894 /* Main.storyboard */ = {
			isa = PBXVariantGroup;
			children = (
				404856942BBDE44C00109894 /* Base */,
			);
			name = Main.storyboard;
			sourceTree = "<group>";
		};
		404856982BBDE44E00109894 /* LaunchScreen.storyboard */ = {
			isa = PBXVariantGroup;
			children = (
				404856992BBDE44E00109894 /* Base */,
			);
			name = LaunchScreen.storyboard;
			sourceTree = "<group>";
		};
/* End PBXVariantGroup section */

/* Begin XCBuildConfiguration section */
		404856B22BBDE44E00109894 /* Debug */ = {
			isa = XCBuildConfiguration;
			buildSettings = {
				ALWAYS_SEARCH_USER_PATHS = NO;
				ASSETCATALOG_COMPILER_GENERATE_SWIFT_ASSET_SYMBOL_EXTENSIONS = YES;
				CLANG_ANALYZER_NONNULL = YES;
				CLANG_ANALYZER_NUMBER_OBJECT_CONVERSION = YES_AGGRESSIVE;
				CLANG_CXX_LANGUAGE_STANDARD = "gnu++20";
				CLANG_ENABLE_MODULES = YES;
				CLANG_ENABLE_OBJC_ARC = YES;
				CLANG_ENABLE_OBJC_WEAK = YES;
				CLANG_WARN_BLOCK_CAPTURE_AUTORELEASING = YES;
				CLANG_WARN_BOOL_CONVERSION = YES;
				CLANG_WARN_COMMA = YES;
				CLANG_WARN_CONSTANT_CONVERSION = YES;
				CLANG_WARN_DEPRECATED_OBJC_IMPLEMENTATIONS = YES;
				CLANG_WARN_DIRECT_OBJC_ISA_USAGE = YES_ERROR;
				CLANG_WARN_DOCUMENTATION_COMMENTS = YES;
				CLANG_WARN_EMPTY_BODY = YES;
				CLANG_WARN_ENUM_CONVERSION = YES;
				CLANG_WARN_INFINITE_RECURSION = YES;
				CLANG_WARN_INT_CONVERSION = YES;
				CLANG_WARN_NON_LITERAL_NULL_CONVERSION = YES;
				CLANG_WARN_OBJC_IMPLICIT_RETAIN_SELF = YES;
				CLANG_WARN_OBJC_LITERAL_CONVERSION = YES;
				CLANG_WARN_OBJC_ROOT_CLASS = YES_ERROR;
				CLANG_WARN_QUOTED_INCLUDE_IN_FRAMEWORK_HEADER = YES;
				CLANG_WARN_RANGE_LOOP_ANALYSIS = YES;
				CLANG_WARN_STRICT_PROTOTYPES = YES;
				CLANG_WARN_SUSPICIOUS_MOVE = YES;
				CLANG_WARN_UNGUARDED_AVAILABILITY = YES_AGGRESSIVE;
				CLANG_WARN_UNREACHABLE_CODE = YES;
				CLANG_WARN__DUPLICATE_METHOD_MATCH = YES;
				COPY_PHASE_STRIP = NO;
				DEBUG_INFORMATION_FORMAT = dwarf;
				ENABLE_STRICT_OBJC_MSGSEND = YES;
				ENABLE_TESTABILITY = YES;
				ENABLE_USER_SCRIPT_SANDBOXING = YES;
				GCC_C_LANGUAGE_STANDARD = gnu17;
				GCC_DYNAMIC_NO_PIC = NO;
				GCC_NO_COMMON_BLOCKS = YES;
				GCC_OPTIMIZATION_LEVEL = 0;
				GCC_PREPROCESSOR_DEFINITIONS = (
					"DEBUG=1",
					"$(inherited)",
				);
				GCC_WARN_64_TO_32_BIT_CONVERSION = YES;
				GCC_WARN_ABOUT_RETURN_TYPE = YES_ERROR;
				GCC_WARN_UNDECLARED_SELECTOR = YES;
				GCC_WARN_UNINITIALIZED_AUTOS = YES_AGGRESSIVE;
				GCC_WARN_UNUSED_FUNCTION = YES;
				GCC_WARN_UNUSED_VARIABLE = YES;
				IPHONEOS_DEPLOYMENT_TARGET = 17.2;
				LOCALIZATION_PREFERS_STRING_CATALOGS = YES;
				MTL_ENABLE_DEBUG_INFO = INCLUDE_SOURCE;
				MTL_FAST_MATH = YES;
				ONLY_ACTIVE_ARCH = YES;
				SDKROOT = iphoneos;
				SWIFT_ACTIVE_COMPILATION_CONDITIONS = "DEBUG $(inherited)";
				SWIFT_OPTIMIZATION_LEVEL = "-Onone";
			};
			name = Debug;
		};
		404856B32BBDE44E00109894 /* Release */ = {
			isa = XCBuildConfiguration;
			buildSettings = {
				ALWAYS_SEARCH_USER_PATHS = NO;
				ASSETCATALOG_COMPILER_GENERATE_SWIFT_ASSET_SYMBOL_EXTENSIONS = YES;
				CLANG_ANALYZER_NONNULL = YES;
				CLANG_ANALYZER_NUMBER_OBJECT_CONVERSION = YES_AGGRESSIVE;
				CLANG_CXX_LANGUAGE_STANDARD = "gnu++20";
				CLANG_ENABLE_MODULES = YES;
				CLANG_ENABLE_OBJC_ARC = YES;
				CLANG_ENABLE_OBJC_WEAK = YES;
				CLANG_WARN_BLOCK_CAPTURE_AUTORELEASING = YES;
				CLANG_WARN_BOOL_CONVERSION = YES;
				CLANG_WARN_COMMA = YES;
				CLANG_WARN_CONSTANT_CONVERSION = YES;
				CLANG_WARN_DEPRECATED_OBJC_IMPLEMENTATIONS = YES;
				CLANG_WARN_DIRECT_OBJC_ISA_USAGE = YES_ERROR;
				CLANG_WARN_DOCUMENTATION_COMMENTS = YES;
				CLANG_WARN_EMPTY_BODY = YES;
				CLANG_WARN_ENUM_CONVERSION = YES;
				CLANG_WARN_INFINITE_RECURSION = YES;
				CLANG_WARN_INT_CONVERSION = YES;
				CLANG_WARN_NON_LITERAL_NULL_CONVERSION = YES;
				CLANG_WARN_OBJC_IMPLICIT_RETAIN_SELF = YES;
				CLANG_WARN_OBJC_LITERAL_CONVERSION = YES;
				CLANG_WARN_OBJC_ROOT_CLASS = YES_ERROR;
				CLANG_WARN_QUOTED_INCLUDE_IN_FRAMEWORK_HEADER = YES;
				CLANG_WARN_RANGE_LOOP_ANALYSIS = YES;
				CLANG_WARN_STRICT_PROTOTYPES = YES;
				CLANG_WARN_SUSPICIOUS_MOVE = YES;
				CLANG_WARN_UNGUARDED_AVAILABILITY = YES_AGGRESSIVE;
				CLANG_WARN_UNREACHABLE_CODE = YES;
				CLANG_WARN__DUPLICATE_METHOD_MATCH = YES;
				COPY_PHASE_STRIP = NO;
				DEBUG_INFORMATION_FORMAT = "dwarf-with-dsym";
				ENABLE_NS_ASSERTIONS = NO;
				ENABLE_STRICT_OBJC_MSGSEND = YES;
				ENABLE_USER_SCRIPT_SANDBOXING = YES;
				GCC_C_LANGUAGE_STANDARD = gnu17;
				GCC_NO_COMMON_BLOCKS = YES;
				GCC_WARN_64_TO_32_BIT_CONVERSION = YES;
				GCC_WARN_ABOUT_RETURN_TYPE = YES_ERROR;
				GCC_WARN_UNDECLARED_SELECTOR = YES;
				GCC_WARN_UNINITIALIZED_AUTOS = YES_AGGRESSIVE;
				GCC_WARN_UNUSED_FUNCTION = YES;
				GCC_WARN_UNUSED_VARIABLE = YES;
				IPHONEOS_DEPLOYMENT_TARGET = 17.2;
				LOCALIZATION_PREFERS_STRING_CATALOGS = YES;
				MTL_ENABLE_DEBUG_INFO = NO;
				MTL_FAST_MATH = YES;
				SDKROOT = iphoneos;
				SWIFT_COMPILATION_MODE = wholemodule;
				VALIDATE_PRODUCT = YES;
			};
			name = Release;
		};
		404856B52BBDE44E00109894 /* Debug */ = {
			isa = XCBuildConfiguration;
			buildSettings = {
				ASSETCATALOG_COMPILER_APPICON_NAME = AppIcon;
				ASSETCATALOG_COMPILER_GLOBAL_ACCENT_COLOR_NAME = AccentColor;
				CODE_SIGN_STYLE = Automatic;
				CURRENT_PROJECT_VERSION = 1;
				DEVELOPMENT_TEAM = 5X2774P294;
				GENERATE_INFOPLIST_FILE = YES;
				INFOPLIST_FILE = ContInt/Info.plist;
				INFOPLIST_KEY_UIApplicationSupportsIndirectInputEvents = YES;
				INFOPLIST_KEY_UILaunchStoryboardName = LaunchScreen;
				INFOPLIST_KEY_UIMainStoryboardFile = Main;
				INFOPLIST_KEY_UISupportedInterfaceOrientations_iPad = "UIInterfaceOrientationPortrait UIInterfaceOrientationPortraitUpsideDown UIInterfaceOrientationLandscapeLeft UIInterfaceOrientationLandscapeRight";
				INFOPLIST_KEY_UISupportedInterfaceOrientations_iPhone = "UIInterfaceOrientationPortrait UIInterfaceOrientationLandscapeLeft UIInterfaceOrientationLandscapeRight";
				LD_RUNPATH_SEARCH_PATHS = (
					"$(inherited)",
					"@executable_path/Frameworks",
				);
				MARKETING_VERSION = 1.0;
				PRODUCT_BUNDLE_IDENTIFIER = home.com.ContInt;
				PRODUCT_NAME = "$(TARGET_NAME)";
				SWIFT_EMIT_LOC_STRINGS = YES;
				SWIFT_VERSION = 5.0;
				TARGETED_DEVICE_FAMILY = "1,2";
			};
			name = Debug;
		};
		404856B62BBDE44E00109894 /* Release */ = {
			isa = XCBuildConfiguration;
			buildSettings = {
				ASSETCATALOG_COMPILER_APPICON_NAME = AppIcon;
				ASSETCATALOG_COMPILER_GLOBAL_ACCENT_COLOR_NAME = AccentColor;
				CODE_SIGN_STYLE = Automatic;
				CURRENT_PROJECT_VERSION = 1;
				DEVELOPMENT_TEAM = 5X2774P294;
				GENERATE_INFOPLIST_FILE = YES;
				INFOPLIST_FILE = ContInt/Info.plist;
				INFOPLIST_KEY_UIApplicationSupportsIndirectInputEvents = YES;
				INFOPLIST_KEY_UILaunchStoryboardName = LaunchScreen;
				INFOPLIST_KEY_UIMainStoryboardFile = Main;
				INFOPLIST_KEY_UISupportedInterfaceOrientations_iPad = "UIInterfaceOrientationPortrait UIInterfaceOrientationPortraitUpsideDown UIInterfaceOrientationLandscapeLeft UIInterfaceOrientationLandscapeRight";
				INFOPLIST_KEY_UISupportedInterfaceOrientations_iPhone = "UIInterfaceOrientationPortrait UIInterfaceOrientationLandscapeLeft UIInterfaceOrientationLandscapeRight";
				LD_RUNPATH_SEARCH_PATHS = (
					"$(inherited)",
					"@executable_path/Frameworks",
				);
				MARKETING_VERSION = 1.0;
				PRODUCT_BUNDLE_IDENTIFIER = home.com.ContInt;
				PRODUCT_NAME = "$(TARGET_NAME)";
				SWIFT_EMIT_LOC_STRINGS = YES;
				SWIFT_VERSION = 5.0;
				TARGETED_DEVICE_FAMILY = "1,2";
			};
			name = Release;
		};
		404856B82BBDE44E00109894 /* Debug */ = {
			isa = XCBuildConfiguration;
			buildSettings = {
				ALWAYS_EMBED_SWIFT_STANDARD_LIBRARIES = YES;
				BUNDLE_LOADER = "$(TEST_HOST)";
				CODE_SIGN_STYLE = Automatic;
				CURRENT_PROJECT_VERSION = 1;
				DEVELOPMENT_TEAM = 5X2774P294;
				GENERATE_INFOPLIST_FILE = YES;
				IPHONEOS_DEPLOYMENT_TARGET = 17.2;
				MARKETING_VERSION = 1.0;
				PRODUCT_BUNDLE_IDENTIFIER = home.com.ContIntTests;
				PRODUCT_NAME = "$(TARGET_NAME)";
				SWIFT_EMIT_LOC_STRINGS = NO;
				SWIFT_VERSION = 5.0;
				TARGETED_DEVICE_FAMILY = "1,2";
				TEST_HOST = "$(BUILT_PRODUCTS_DIR)/ContInt.app/$(BUNDLE_EXECUTABLE_FOLDER_PATH)/ContInt";
			};
			name = Debug;
		};
		404856B92BBDE44E00109894 /* Release */ = {
			isa = XCBuildConfiguration;
			buildSettings = {
				ALWAYS_EMBED_SWIFT_STANDARD_LIBRARIES = YES;
				BUNDLE_LOADER = "$(TEST_HOST)";
				CODE_SIGN_STYLE = Automatic;
				CURRENT_PROJECT_VERSION = 1;
				DEVELOPMENT_TEAM = 5X2774P294;
				GENERATE_INFOPLIST_FILE = YES;
				IPHONEOS_DEPLOYMENT_TARGET = 17.2;
				MARKETING_VERSION = 1.0;
				PRODUCT_BUNDLE_IDENTIFIER = home.com.ContIntTests;
				PRODUCT_NAME = "$(TARGET_NAME)";
				SWIFT_EMIT_LOC_STRINGS = NO;
				SWIFT_VERSION = 5.0;
				TARGETED_DEVICE_FAMILY = "1,2";
				TEST_HOST = "$(BUILT_PRODUCTS_DIR)/ContInt.app/$(BUNDLE_EXECUTABLE_FOLDER_PATH)/ContInt";
			};
			name = Release;
		};
		404856BB2BBDE44E00109894 /* Debug */ = {
			isa = XCBuildConfiguration;
			buildSettings = {
				ALWAYS_EMBED_SWIFT_STANDARD_LIBRARIES = YES;
				CODE_SIGN_STYLE = Automatic;
				CURRENT_PROJECT_VERSION = 1;
				DEVELOPMENT_TEAM = 5X2774P294;
				GENERATE_INFOPLIST_FILE = YES;
				MARKETING_VERSION = 1.0;
				PRODUCT_BUNDLE_IDENTIFIER = home.com.ContIntUITests;
				PRODUCT_NAME = "$(TARGET_NAME)";
				SWIFT_EMIT_LOC_STRINGS = NO;
				SWIFT_VERSION = 5.0;
				TARGETED_DEVICE_FAMILY = "1,2";
				TEST_TARGET_NAME = ContInt;
			};
			name = Debug;
		};
		404856BC2BBDE44E00109894 /* Release */ = {
			isa = XCBuildConfiguration;
			buildSettings = {
				ALWAYS_EMBED_SWIFT_STANDARD_LIBRARIES = YES;
				CODE_SIGN_STYLE = Automatic;
				CURRENT_PROJECT_VERSION = 1;
				DEVELOPMENT_TEAM = 5X2774P294;
				GENERATE_INFOPLIST_FILE = YES;
				MARKETING_VERSION = 1.0;
				PRODUCT_BUNDLE_IDENTIFIER = home.com.ContIntUITests;
				PRODUCT_NAME = "$(TARGET_NAME)";
				SWIFT_EMIT_LOC_STRINGS = NO;
				SWIFT_VERSION = 5.0;
				TARGETED_DEVICE_FAMILY = "1,2";
				TEST_TARGET_NAME = ContInt;
			};
			name = Release;
		};
/* End XCBuildConfiguration section */

/* Begin XCConfigurationList section */
		404856852BBDE44C00109894 /* Build configuration list for PBXProject "ContInt" */ = {
			isa = XCConfigurationList;
			buildConfigurations = (
				404856B22BBDE44E00109894 /* Debug */,
				404856B32BBDE44E00109894 /* Release */,
			);
			defaultConfigurationIsVisible = 0;
			defaultConfigurationName = Release;
		};
		404856B42BBDE44E00109894 /* Build configuration list for PBXNativeTarget "ContInt" */ = {
			isa = XCConfigurationList;
			buildConfigurations = (
				404856B52BBDE44E00109894 /* Debug */,
				404856B62BBDE44E00109894 /* Release */,
			);
			defaultConfigurationIsVisible = 0;
			defaultConfigurationName = Release;
		};
		404856B72BBDE44E00109894 /* Build configuration list for PBXNativeTarget "ContIntTests" */ = {
			isa = XCConfigurationList;
			buildConfigurations = (
				404856B82BBDE44E00109894 /* Debug */,
				404856B92BBDE44E00109894 /* Release */,
			);
			defaultConfigurationIsVisible = 0;
			defaultConfigurationName = Release;
		};
		404856BA2BBDE44E00109894 /* Build configuration list for PBXNativeTarget "ContIntUITests" */ = {
			isa = XCConfigurationList;
			buildConfigurations = (
				404856BB2BBDE44E00109894 /* Debug */,
				404856BC2BBDE44E00109894 /* Release */,
			);
			defaultConfigurationIsVisible = 0;
			defaultConfigurationName = Release;
		};
/* End XCConfigurationList section */
	};
	rootObject = 404856822BBDE44C00109894 /* Project object */;
}
